
Microsoft Visual Studio Solution File, Format Version 12.00
# Visual Studio Version 16
VisualStudioVersion = 16.0.28922.388
MinimumVisualStudioVersion = 10.0.40219.1
Project("{FAE04EC0-301F-11D3-BF4B-00C04F79EFBC}") = "SzParag", "SzParag.csproj", "{BB5A70CD-C604-4E84-B1A4-55B352FED1AF}"
EndProject
Global
	GlobalSection(SolutionConfigurationPlatforms) = preSolution
		Debug|Any CPU = Debug|Any CPU
		Release|Any CPU = Release|Any CPU
	EndGlobalSection
	GlobalSection(ProjectConfigurationPlatforms) = postSolution
		{BB5A70CD-C604-4E84-B1A4-55B352FED1AF}.Debug|Any CPU.ActiveCfg = Debug|Any CPU
		{BB5A70CD-C604-4E84-B1A4-55B352FED1AF}.Debug|Any CPU.Build.0 = Debug|Any CPU
		{BB5A70CD-C604-4E84-B1A4-55B352FED1AF}.Release|Any CPU.ActiveCfg = Release|Any CPU
		{BB5A70CD-C604-4E84-B1A4-55B352FED1AF}.Release|Any CPU.Build.0 = Release|Any CPU
	EndGlobalSection
	GlobalSection(SolutionProperties) = preSolution
		HideSolutionNode = FALSE
	EndGlobalSection
	GlobalSection(ExtensibilityGlobals) = postSolution
		SolutionGuid = {319AF335-9829-4C7D-8732-623EEF7464B1}
	EndGlobalSection
EndGlobal
